// !$*UTF8*$!
{
	archiveVersion = 1;
	classes = {
	};
	objectVersion = 56;
	objects = {

/* Begin PBXBuildFile section */
		B95964D829CF90C4004F6A57 /* AppDelegate.swift in Sources */ = {isa = PBXBuildFile; fileRef = B95964D729CF90C4004F6A57 /* AppDelegate.swift */; };
		B95964DA29CF90C4004F6A57 /* SceneDelegate.swift in Sources */ = {isa = PBXBuildFile; fileRef = B95964D929CF90C4004F6A57 /* SceneDelegate.swift */; };
		B95964DC29CF90C4004F6A57 /* MapViewController.swift in Sources */ = {isa = PBXBuildFile; fileRef = B95964DB29CF90C4004F6A57 /* MapViewController.swift */; };
		B95964E129CF90C5004F6A57 /* Assets.xcassets in Resources */ = {isa = PBXBuildFile; fileRef = B95964E029CF90C5004F6A57 /* Assets.xcassets */; };
		B95964E429CF90C5004F6A57 /* LaunchScreen.storyboard in Resources */ = {isa = PBXBuildFile; fileRef = B95964E229CF90C5004F6A57 /* LaunchScreen.storyboard */; };
		B95964F429CF91A4004F6A57 /* TARestAPIService.swift in Sources */ = {isa = PBXBuildFile; fileRef = B95964F329CF91A4004F6A57 /* TARestAPIService.swift */; };
		B95964F629CF91C4004F6A57 /* Debuggable.swift in Sources */ = {isa = PBXBuildFile; fileRef = B95964F529CF91C4004F6A57 /* Debuggable.swift */; };
		B95964F829CF91FF004F6A57 /* Flags.swift in Sources */ = {isa = PBXBuildFile; fileRef = B95964F729CF91FF004F6A57 /* Flags.swift */; };
		B95964FA29CF9249004F6A57 /* TAAPIResponse.swift in Sources */ = {isa = PBXBuildFile; fileRef = B95964F929CF9249004F6A57 /* TAAPIResponse.swift */; };
		B95964FC29CF926D004F6A57 /* TAAPIRequest.swift in Sources */ = {isa = PBXBuildFile; fileRef = B95964FB29CF926D004F6A57 /* TAAPIRequest.swift */; };
		B95964FF29CF99E7004F6A57 /* TAUserLocationManager.swift in Sources */ = {isa = PBXBuildFile; fileRef = B95964FE29CF99E7004F6A57 /* TAUserLocationManager.swift */; };
		B959650529D78F36004F6A57 /* TABusinessService.swift in Sources */ = {isa = PBXBuildFile; fileRef = B959650429D78F36004F6A57 /* TABusinessService.swift */; };
		B959650729D78FAD004F6A57 /* TAEndpoint.swift in Sources */ = {isa = PBXBuildFile; fileRef = B959650629D78FAD004F6A57 /* TAEndpoint.swift */; };
		B959650929D79011004F6A57 /* TATangentRequest.swift in Sources */ = {isa = PBXBuildFile; fileRef = B959650829D79011004F6A57 /* TATangentRequest.swift */; };
		B959650B29D7908E004F6A57 /* TARequestBody.swift in Sources */ = {isa = PBXBuildFile; fileRef = B959650A29D7908E004F6A57 /* TARequestBody.swift */; };
		B959650D29D79201004F6A57 /* TABusiness.swift in Sources */ = {isa = PBXBuildFile; fileRef = B959650C29D79201004F6A57 /* TABusiness.swift */; };
		B959650F29D793EE004F6A57 /* TATangentRequestBody.swift in Sources */ = {isa = PBXBuildFile; fileRef = B959650E29D793EE004F6A57 /* TATangentRequestBody.swift */; };
		B959651129D7995E004F6A57 /* TAMapView.swift in Sources */ = {isa = PBXBuildFile; fileRef = B959651029D7995E004F6A57 /* TAMapView.swift */; };
		B959651329D79D6D004F6A57 /* TATangentTableViewCell.swift in Sources */ = {isa = PBXBuildFile; fileRef = B959651229D79D6D004F6A57 /* TATangentTableViewCell.swift */; };
		B9645FC029DB5A2A001DDF3A /* TAMapManager.swift in Sources */ = {isa = PBXBuildFile; fileRef = B9645FBF29DB5A2A001DDF3A /* TAMapManager.swift */; };
		B9645FC229DB5F38001DDF3A /* Extensions.swift in Sources */ = {isa = PBXBuildFile; fileRef = B9645FC129DB5F38001DDF3A /* Extensions.swift */; };
		B9A98C0C29E7707100D866A9 /* Mocking.swift in Sources */ = {isa = PBXBuildFile; fileRef = B9A98C0B29E7707100D866A9 /* Mocking.swift */; };
		B9A98C0E29E8C8D200D866A9 /* TASearchResultsTableViewController.swift in Sources */ = {isa = PBXBuildFile; fileRef = B9A98C0D29E8C8D200D866A9 /* TASearchResultsTableViewController.swift */; };
		B9A98C1029E8D0C600D866A9 /* TASearchResultCell.swift in Sources */ = {isa = PBXBuildFile; fileRef = B9A98C0F29E8D0C600D866A9 /* TASearchResultCell.swift */; };
/* End PBXBuildFile section */

/* Begin PBXFileReference section */
		B95964D429CF90C4004F6A57 /* Tangent.app */ = {isa = PBXFileReference; explicitFileType = wrapper.application; includeInIndex = 0; path = Tangent.app; sourceTree = BUILT_PRODUCTS_DIR; };
		B95964D729CF90C4004F6A57 /* AppDelegate.swift */ = {isa = PBXFileReference; lastKnownFileType = sourcecode.swift; path = AppDelegate.swift; sourceTree = "<group>"; };
		B95964D929CF90C4004F6A57 /* SceneDelegate.swift */ = {isa = PBXFileReference; lastKnownFileType = sourcecode.swift; path = SceneDelegate.swift; sourceTree = "<group>"; };
		B95964DB29CF90C4004F6A57 /* MapViewController.swift */ = {isa = PBXFileReference; lastKnownFileType = sourcecode.swift; path = MapViewController.swift; sourceTree = "<group>"; };
		B95964E029CF90C5004F6A57 /* Assets.xcassets */ = {isa = PBXFileReference; lastKnownFileType = folder.assetcatalog; path = Assets.xcassets; sourceTree = "<group>"; };
		B95964E329CF90C5004F6A57 /* Base */ = {isa = PBXFileReference; lastKnownFileType = file.storyboard; name = Base; path = Base.lproj/LaunchScreen.storyboard; sourceTree = "<group>"; };
		B95964E529CF90C5004F6A57 /* Info.plist */ = {isa = PBXFileReference; lastKnownFileType = text.plist.xml; path = Info.plist; sourceTree = "<group>"; };
		B95964F329CF91A4004F6A57 /* TARestAPIService.swift */ = {isa = PBXFileReference; lastKnownFileType = sourcecode.swift; path = TARestAPIService.swift; sourceTree = "<group>"; };
		B95964F529CF91C4004F6A57 /* Debuggable.swift */ = {isa = PBXFileReference; lastKnownFileType = sourcecode.swift; path = Debuggable.swift; sourceTree = "<group>"; };
		B95964F729CF91FF004F6A57 /* Flags.swift */ = {isa = PBXFileReference; lastKnownFileType = sourcecode.swift; path = Flags.swift; sourceTree = "<group>"; };
		B95964F929CF9249004F6A57 /* TAAPIResponse.swift */ = {isa = PBXFileReference; lastKnownFileType = sourcecode.swift; path = TAAPIResponse.swift; sourceTree = "<group>"; };
		B95964FB29CF926D004F6A57 /* TAAPIRequest.swift */ = {isa = PBXFileReference; lastKnownFileType = sourcecode.swift; path = TAAPIRequest.swift; sourceTree = "<group>"; };
		B95964FE29CF99E7004F6A57 /* TAUserLocationManager.swift */ = {isa = PBXFileReference; lastKnownFileType = sourcecode.swift; path = TAUserLocationManager.swift; sourceTree = "<group>"; };
		B959650429D78F36004F6A57 /* TABusinessService.swift */ = {isa = PBXFileReference; lastKnownFileType = sourcecode.swift; path = TABusinessService.swift; sourceTree = "<group>"; };
		B959650629D78FAD004F6A57 /* TAEndpoint.swift */ = {isa = PBXFileReference; lastKnownFileType = sourcecode.swift; path = TAEndpoint.swift; sourceTree = "<group>"; };
		B959650829D79011004F6A57 /* TATangentRequest.swift */ = {isa = PBXFileReference; lastKnownFileType = sourcecode.swift; path = TATangentRequest.swift; sourceTree = "<group>"; };
		B959650A29D7908E004F6A57 /* TARequestBody.swift */ = {isa = PBXFileReference; lastKnownFileType = sourcecode.swift; path = TARequestBody.swift; sourceTree = "<group>"; };
		B959650C29D79201004F6A57 /* TABusiness.swift */ = {isa = PBXFileReference; lastKnownFileType = sourcecode.swift; path = TABusiness.swift; sourceTree = "<group>"; };
		B959650E29D793EE004F6A57 /* TATangentRequestBody.swift */ = {isa = PBXFileReference; lastKnownFileType = sourcecode.swift; path = TATangentRequestBody.swift; sourceTree = "<group>"; };
		B959651029D7995E004F6A57 /* TAMapView.swift */ = {isa = PBXFileReference; lastKnownFileType = sourcecode.swift; path = TAMapView.swift; sourceTree = "<group>"; };
		B959651229D79D6D004F6A57 /* TATangentTableViewCell.swift */ = {isa = PBXFileReference; lastKnownFileType = sourcecode.swift; path = TATangentTableViewCell.swift; sourceTree = "<group>"; };
		B9645FBF29DB5A2A001DDF3A /* TAMapManager.swift */ = {isa = PBXFileReference; lastKnownFileType = sourcecode.swift; path = TAMapManager.swift; sourceTree = "<group>"; };
		B9645FC129DB5F38001DDF3A /* Extensions.swift */ = {isa = PBXFileReference; lastKnownFileType = sourcecode.swift; path = Extensions.swift; sourceTree = "<group>"; };
		B9A98C0B29E7707100D866A9 /* Mocking.swift */ = {isa = PBXFileReference; lastKnownFileType = sourcecode.swift; path = Mocking.swift; sourceTree = "<group>"; };
		B9A98C0D29E8C8D200D866A9 /* TASearchResultsTableViewController.swift */ = {isa = PBXFileReference; lastKnownFileType = sourcecode.swift; path = TASearchResultsTableViewController.swift; sourceTree = "<group>"; };
		B9A98C0F29E8D0C600D866A9 /* TASearchResultCell.swift */ = {isa = PBXFileReference; lastKnownFileType = sourcecode.swift; path = TASearchResultCell.swift; sourceTree = "<group>"; };
/* End PBXFileReference section */

/* Begin PBXFrameworksBuildPhase section */
		B95964D129CF90C4004F6A57 /* Frameworks */ = {
			isa = PBXFrameworksBuildPhase;
			buildActionMask = 2147483647;
			files = (
			);
			runOnlyForDeploymentPostprocessing = 0;
		};
/* End PBXFrameworksBuildPhase section */

/* Begin PBXGroup section */
		B95964CB29CF90C4004F6A57 = {
			isa = PBXGroup;
			children = (
				B95964D629CF90C4004F6A57 /* Tangent */,
				B95964D529CF90C4004F6A57 /* Products */,
			);
			sourceTree = "<group>";
		};
		B95964D529CF90C4004F6A57 /* Products */ = {
			isa = PBXGroup;
			children = (
				B95964D429CF90C4004F6A57 /* Tangent.app */,
			);
			name = Products;
			sourceTree = "<group>";
		};
		B95964D629CF90C4004F6A57 /* Tangent */ = {
			isa = PBXGroup;
			children = (
				B959650329D78F19004F6A57 /* Repository */,
				B95964FD29CF99D5004F6A57 /* MapService */,
				B95964F229CF9183004F6A57 /* APIClient */,
				B95964F129CF9134004F6A57 /* Assets */,
				B95964EF29CF9113004F6A57 /* Utility */,
				B95964ED29CF9104004F6A57 /* Controllers */,
				B95964EC29CF9100004F6A57 /* Views */,
				B95964EB29CF90F7004F6A57 /* Models */,
				B95964E529CF90C5004F6A57 /* Info.plist */,
				B9A98C0B29E7707100D866A9 /* Mocking.swift */,
			);
			path = Tangent;
			sourceTree = "<group>";
		};
		B95964EB29CF90F7004F6A57 /* Models */ = {
			isa = PBXGroup;
			children = (
				B959650C29D79201004F6A57 /* TABusiness.swift */,
			);
			path = Models;
			sourceTree = "<group>";
		};
		B95964EC29CF9100004F6A57 /* Views */ = {
			isa = PBXGroup;
			children = (
				B95964F029CF9126004F6A57 /* Storyboards */,
				B959651029D7995E004F6A57 /* TAMapView.swift */,
				B959651229D79D6D004F6A57 /* TATangentTableViewCell.swift */,
				B9A98C0F29E8D0C600D866A9 /* TASearchResultCell.swift */,
			);
			path = Views;
			sourceTree = "<group>";
		};
		B95964ED29CF9104004F6A57 /* Controllers */ = {
			isa = PBXGroup;
			children = (
				B95964DB29CF90C4004F6A57 /* MapViewController.swift */,
				B9A98C0D29E8C8D200D866A9 /* TASearchResultsTableViewController.swift */,
			);
			path = Controllers;
			sourceTree = "<group>";
		};
		B95964EF29CF9113004F6A57 /* Utility */ = {
			isa = PBXGroup;
			children = (
				B95964D729CF90C4004F6A57 /* AppDelegate.swift */,
				B95964D929CF90C4004F6A57 /* SceneDelegate.swift */,
				B95964F529CF91C4004F6A57 /* Debuggable.swift */,
				B95964F729CF91FF004F6A57 /* Flags.swift */,
				B9645FC129DB5F38001DDF3A /* Extensions.swift */,
			);
			path = Utility;
			sourceTree = "<group>";
		};
		B95964F029CF9126004F6A57 /* Storyboards */ = {
			isa = PBXGroup;
			children = (
				B95964E229CF90C5004F6A57 /* LaunchScreen.storyboard */,
			);
			path = Storyboards;
			sourceTree = "<group>";
		};
		B95964F129CF9134004F6A57 /* Assets */ = {
			isa = PBXGroup;
			children = (
				B95964E029CF90C5004F6A57 /* Assets.xcassets */,
			);
			path = Assets;
			sourceTree = "<group>";
		};
		B95964F229CF9183004F6A57 /* APIClient */ = {
			isa = PBXGroup;
			children = (
				B95964F329CF91A4004F6A57 /* TARestAPIService.swift */,
				B95964F929CF9249004F6A57 /* TAAPIResponse.swift */,
				B95964FB29CF926D004F6A57 /* TAAPIRequest.swift */,
				B959650629D78FAD004F6A57 /* TAEndpoint.swift */,
				B959650829D79011004F6A57 /* TATangentRequest.swift */,
				B959650A29D7908E004F6A57 /* TARequestBody.swift */,
				B959650E29D793EE004F6A57 /* TATangentRequestBody.swift */,
			);
			path = APIClient;
			sourceTree = "<group>";
		};
		B95964FD29CF99D5004F6A57 /* MapService */ = {
			isa = PBXGroup;
			children = (
				B95964FE29CF99E7004F6A57 /* TAUserLocationManager.swift */,
				B9645FBF29DB5A2A001DDF3A /* TAMapManager.swift */,
			);
			path = MapService;
			sourceTree = "<group>";
		};
		B959650329D78F19004F6A57 /* Repository */ = {
			isa = PBXGroup;
			children = (
				B959650429D78F36004F6A57 /* TABusinessService.swift */,
			);
			path = Repository;
			sourceTree = "<group>";
		};
/* End PBXGroup section */

/* Begin PBXNativeTarget section */
		B95964D329CF90C4004F6A57 /* Tangent */ = {
			isa = PBXNativeTarget;
			buildConfigurationList = B95964E829CF90C5004F6A57 /* Build configuration list for PBXNativeTarget "Tangent" */;
			buildPhases = (
				B95964D029CF90C4004F6A57 /* Sources */,
				B95964D129CF90C4004F6A57 /* Frameworks */,
				B95964D229CF90C4004F6A57 /* Resources */,
			);
			buildRules = (
			);
			dependencies = (
			);
			name = Tangent;
			productName = Tangent;
			productReference = B95964D429CF90C4004F6A57 /* Tangent.app */;
			productType = "com.apple.product-type.application";
		};
/* End PBXNativeTarget section */

/* Begin PBXProject section */
		B95964CC29CF90C4004F6A57 /* Project object */ = {
			isa = PBXProject;
			attributes = {
				BuildIndependentTargetsInParallel = 1;
				LastSwiftUpdateCheck = 1420;
				LastUpgradeCheck = 1420;
				TargetAttributes = {
					B95964D329CF90C4004F6A57 = {
						CreatedOnToolsVersion = 14.2;
					};
				};
			};
			buildConfigurationList = B95964CF29CF90C4004F6A57 /* Build configuration list for PBXProject "Tangent" */;
			compatibilityVersion = "Xcode 14.0";
			developmentRegion = en;
			hasScannedForEncodings = 0;
			knownRegions = (
				en,
				Base,
			);
			mainGroup = B95964CB29CF90C4004F6A57;
			productRefGroup = B95964D529CF90C4004F6A57 /* Products */;
			projectDirPath = "";
			projectRoot = "";
			targets = (
				B95964D329CF90C4004F6A57 /* Tangent */,
			);
		};
/* End PBXProject section */

/* Begin PBXResourcesBuildPhase section */
		B95964D229CF90C4004F6A57 /* Resources */ = {
			isa = PBXResourcesBuildPhase;
			buildActionMask = 2147483647;
			files = (
				B95964E429CF90C5004F6A57 /* LaunchScreen.storyboard in Resources */,
				B95964E129CF90C5004F6A57 /* Assets.xcassets in Resources */,
			);
			runOnlyForDeploymentPostprocessing = 0;
		};
/* End PBXResourcesBuildPhase section */

/* Begin PBXSourcesBuildPhase section */
		B95964D029CF90C4004F6A57 /* Sources */ = {
			isa = PBXSourcesBuildPhase;
			buildActionMask = 2147483647;
			files = (
				B959650929D79011004F6A57 /* TATangentRequest.swift in Sources */,
				B9A98C1029E8D0C600D866A9 /* TASearchResultCell.swift in Sources */,
				B9A98C0E29E8C8D200D866A9 /* TASearchResultsTableViewController.swift in Sources */,
				B95964FC29CF926D004F6A57 /* TAAPIRequest.swift in Sources */,
				B95964F629CF91C4004F6A57 /* Debuggable.swift in Sources */,
				B95964DC29CF90C4004F6A57 /* MapViewController.swift in Sources */,
				B959650D29D79201004F6A57 /* TABusiness.swift in Sources */,
				B95964D829CF90C4004F6A57 /* AppDelegate.swift in Sources */,
				B95964F829CF91FF004F6A57 /* Flags.swift in Sources */,
				B9645FC229DB5F38001DDF3A /* Extensions.swift in Sources */,
				B95964FF29CF99E7004F6A57 /* TAUserLocationManager.swift in Sources */,
				B959651129D7995E004F6A57 /* TAMapView.swift in Sources */,
				B959651329D79D6D004F6A57 /* TATangentTableViewCell.swift in Sources */,
				B959650B29D7908E004F6A57 /* TARequestBody.swift in Sources */,
				B9645FC029DB5A2A001DDF3A /* TAMapManager.swift in Sources */,
				B959650729D78FAD004F6A57 /* TAEndpoint.swift in Sources */,
				B959650529D78F36004F6A57 /* TABusinessService.swift in Sources */,
				B95964FA29CF9249004F6A57 /* TAAPIResponse.swift in Sources */,
				B9A98C0C29E7707100D866A9 /* Mocking.swift in Sources */,
				B95964DA29CF90C4004F6A57 /* SceneDelegate.swift in Sources */,
				B959650F29D793EE004F6A57 /* TATangentRequestBody.swift in Sources */,
				B95964F429CF91A4004F6A57 /* TARestAPIService.swift in Sources */,
			);
			runOnlyForDeploymentPostprocessing = 0;
		};
/* End PBXSourcesBuildPhase section */

/* Begin PBXVariantGroup section */
		B95964E229CF90C5004F6A57 /* LaunchScreen.storyboard */ = {
			isa = PBXVariantGroup;
			children = (
				B95964E329CF90C5004F6A57 /* Base */,
			);
			name = LaunchScreen.storyboard;
			sourceTree = "<group>";
		};
/* End PBXVariantGroup section */

/* Begin XCBuildConfiguration section */
		B95964E629CF90C5004F6A57 /* Debug */ = {
			isa = XCBuildConfiguration;
			buildSettings = {
				ALWAYS_SEARCH_USER_PATHS = NO;
				CLANG_ANALYZER_NONNULL = YES;
				CLANG_ANALYZER_NUMBER_OBJECT_CONVERSION = YES_AGGRESSIVE;
				CLANG_CXX_LANGUAGE_STANDARD = "gnu++20";
				CLANG_ENABLE_MODULES = YES;
				CLANG_ENABLE_OBJC_ARC = YES;
				CLANG_ENABLE_OBJC_WEAK = YES;
				CLANG_WARN_BLOCK_CAPTURE_AUTORELEASING = YES;
				CLANG_WARN_BOOL_CONVERSION = YES;
				CLANG_WARN_COMMA = YES;
				CLANG_WARN_CONSTANT_CONVERSION = YES;
				CLANG_WARN_DEPRECATED_OBJC_IMPLEMENTATIONS = YES;
				CLANG_WARN_DIRECT_OBJC_ISA_USAGE = YES_ERROR;
				CLANG_WARN_DOCUMENTATION_COMMENTS = YES;
				CLANG_WARN_EMPTY_BODY = YES;
				CLANG_WARN_ENUM_CONVERSION = YES;
				CLANG_WARN_INFINITE_RECURSION = YES;
				CLANG_WARN_INT_CONVERSION = YES;
				CLANG_WARN_NON_LITERAL_NULL_CONVERSION = YES;
				CLANG_WARN_OBJC_IMPLICIT_RETAIN_SELF = YES;
				CLANG_WARN_OBJC_LITERAL_CONVERSION = YES;
				CLANG_WARN_OBJC_ROOT_CLASS = YES_ERROR;
				CLANG_WARN_QUOTED_INCLUDE_IN_FRAMEWORK_HEADER = YES;
				CLANG_WARN_RANGE_LOOP_ANALYSIS = YES;
				CLANG_WARN_STRICT_PROTOTYPES = YES;
				CLANG_WARN_SUSPICIOUS_MOVE = YES;
				CLANG_WARN_UNGUARDED_AVAILABILITY = YES_AGGRESSIVE;
				CLANG_WARN_UNREACHABLE_CODE = YES;
				CLANG_WARN__DUPLICATE_METHOD_MATCH = YES;
				COPY_PHASE_STRIP = NO;
				DEBUG_INFORMATION_FORMAT = dwarf;
				ENABLE_STRICT_OBJC_MSGSEND = YES;
				ENABLE_TESTABILITY = YES;
				GCC_C_LANGUAGE_STANDARD = gnu11;
				GCC_DYNAMIC_NO_PIC = NO;
				GCC_NO_COMMON_BLOCKS = YES;
				GCC_OPTIMIZATION_LEVEL = 0;
				GCC_PREPROCESSOR_DEFINITIONS = (
					"DEBUG=1",
					"$(inherited)",
				);
				GCC_WARN_64_TO_32_BIT_CONVERSION = YES;
				GCC_WARN_ABOUT_RETURN_TYPE = YES_ERROR;
				GCC_WARN_UNDECLARED_SELECTOR = YES;
				GCC_WARN_UNINITIALIZED_AUTOS = YES_AGGRESSIVE;
				GCC_WARN_UNUSED_FUNCTION = YES;
				GCC_WARN_UNUSED_VARIABLE = YES;
				IPHONEOS_DEPLOYMENT_TARGET = 16.2;
				MTL_ENABLE_DEBUG_INFO = INCLUDE_SOURCE;
				MTL_FAST_MATH = YES;
				ONLY_ACTIVE_ARCH = YES;
				SDKROOT = iphoneos;
				SWIFT_ACTIVE_COMPILATION_CONDITIONS = DEBUG;
				SWIFT_OPTIMIZATION_LEVEL = "-Onone";
			};
			name = Debug;
		};
		B95964E729CF90C5004F6A57 /* Release */ = {
			isa = XCBuildConfiguration;
			buildSettings = {
				ALWAYS_SEARCH_USER_PATHS = NO;
				CLANG_ANALYZER_NONNULL = YES;
				CLANG_ANALYZER_NUMBER_OBJECT_CONVERSION = YES_AGGRESSIVE;
				CLANG_CXX_LANGUAGE_STANDARD = "gnu++20";
				CLANG_ENABLE_MODULES = YES;
				CLANG_ENABLE_OBJC_ARC = YES;
				CLANG_ENABLE_OBJC_WEAK = YES;
				CLANG_WARN_BLOCK_CAPTURE_AUTORELEASING = YES;
				CLANG_WARN_BOOL_CONVERSION = YES;
				CLANG_WARN_COMMA = YES;
				CLANG_WARN_CONSTANT_CONVERSION = YES;
				CLANG_WARN_DEPRECATED_OBJC_IMPLEMENTATIONS = YES;
				CLANG_WARN_DIRECT_OBJC_ISA_USAGE = YES_ERROR;
				CLANG_WARN_DOCUMENTATION_COMMENTS = YES;
				CLANG_WARN_EMPTY_BODY = YES;
				CLANG_WARN_ENUM_CONVERSION = YES;
				CLANG_WARN_INFINITE_RECURSION = YES;
				CLANG_WARN_INT_CONVERSION = YES;
				CLANG_WARN_NON_LITERAL_NULL_CONVERSION = YES;
				CLANG_WARN_OBJC_IMPLICIT_RETAIN_SELF = YES;
				CLANG_WARN_OBJC_LITERAL_CONVERSION = YES;
				CLANG_WARN_OBJC_ROOT_CLASS = YES_ERROR;
				CLANG_WARN_QUOTED_INCLUDE_IN_FRAMEWORK_HEADER = YES;
				CLANG_WARN_RANGE_LOOP_ANALYSIS = YES;
				CLANG_WARN_STRICT_PROTOTYPES = YES;
				CLANG_WARN_SUSPICIOUS_MOVE = YES;
				CLANG_WARN_UNGUARDED_AVAILABILITY = YES_AGGRESSIVE;
				CLANG_WARN_UNREACHABLE_CODE = YES;
				CLANG_WARN__DUPLICATE_METHOD_MATCH = YES;
				COPY_PHASE_STRIP = NO;
				DEBUG_INFORMATION_FORMAT = "dwarf-with-dsym";
				ENABLE_NS_ASSERTIONS = NO;
				ENABLE_STRICT_OBJC_MSGSEND = YES;
				GCC_C_LANGUAGE_STANDARD = gnu11;
				GCC_NO_COMMON_BLOCKS = YES;
				GCC_WARN_64_TO_32_BIT_CONVERSION = YES;
				GCC_WARN_ABOUT_RETURN_TYPE = YES_ERROR;
				GCC_WARN_UNDECLARED_SELECTOR = YES;
				GCC_WARN_UNINITIALIZED_AUTOS = YES_AGGRESSIVE;
				GCC_WARN_UNUSED_FUNCTION = YES;
				GCC_WARN_UNUSED_VARIABLE = YES;
				IPHONEOS_DEPLOYMENT_TARGET = 16.2;
				MTL_ENABLE_DEBUG_INFO = NO;
				MTL_FAST_MATH = YES;
				SDKROOT = iphoneos;
				SWIFT_COMPILATION_MODE = wholemodule;
				SWIFT_OPTIMIZATION_LEVEL = "-O";
				VALIDATE_PRODUCT = YES;
			};
			name = Release;
		};
		B95964E929CF90C5004F6A57 /* Debug */ = {
			isa = XCBuildConfiguration;
			buildSettings = {
				ASSETCATALOG_COMPILER_APPICON_NAME = AppIcon;
				ASSETCATALOG_COMPILER_GLOBAL_ACCENT_COLOR_NAME = AccentColor;
				CODE_SIGN_STYLE = Automatic;
				CURRENT_PROJECT_VERSION = 1;
				DEVELOPMENT_TEAM = VJUSE27PV3;
				GENERATE_INFOPLIST_FILE = YES;
				INFOPLIST_FILE = Tangent/Info.plist;
				INFOPLIST_KEY_NSLocationWhenInUseUsageDescription = "This app uses your location to personalize your app experience.";
				INFOPLIST_KEY_UIApplicationSupportsIndirectInputEvents = YES;
				INFOPLIST_KEY_UILaunchStoryboardName = LaunchScreen.storyboard;
				INFOPLIST_KEY_UISupportedInterfaceOrientations_iPad = "UIInterfaceOrientationPortrait UIInterfaceOrientationPortraitUpsideDown UIInterfaceOrientationLandscapeLeft UIInterfaceOrientationLandscapeRight";
				INFOPLIST_KEY_UISupportedInterfaceOrientations_iPhone = "UIInterfaceOrientationPortrait UIInterfaceOrientationLandscapeLeft UIInterfaceOrientationLandscapeRight";
				LD_RUNPATH_SEARCH_PATHS = (
					"$(inherited)",
					"@executable_path/Frameworks",
				);
				MARKETING_VERSION = 1.0;
				PRODUCT_BUNDLE_IDENTIFIER = vikramsingh.Tangent;
				PRODUCT_NAME = "$(TARGET_NAME)";
				SWIFT_EMIT_LOC_STRINGS = YES;
				SWIFT_VERSION = 5.0;
				TARGETED_DEVICE_FAMILY = "1,2";
			};
			name = Debug;
		};
		B95964EA29CF90C5004F6A57 /* Release */ = {
			isa = XCBuildConfiguration;
			buildSettings = {
				ASSETCATALOG_COMPILER_APPICON_NAME = AppIcon;
				ASSETCATALOG_COMPILER_GLOBAL_ACCENT_COLOR_NAME = AccentColor;
				CODE_SIGN_STYLE = Automatic;
				CURRENT_PROJECT_VERSION = 1;
				DEVELOPMENT_TEAM = VJUSE27PV3;
				GENERATE_INFOPLIST_FILE = YES;
				INFOPLIST_FILE = Tangent/Info.plist;
				INFOPLIST_KEY_NSLocationWhenInUseUsageDescription = "This app uses your location to personalize your app experience.";
				INFOPLIST_KEY_UIApplicationSupportsIndirectInputEvents = YES;
				INFOPLIST_KEY_UILaunchStoryboardName = LaunchScreen.storyboard;
				INFOPLIST_KEY_UISupportedInterfaceOrientations_iPad = "UIInterfaceOrientationPortrait UIInterfaceOrientationPortraitUpsideDown UIInterfaceOrientationLandscapeLeft UIInterfaceOrientationLandscapeRight";
				INFOPLIST_KEY_UISupportedInterfaceOrientations_iPhone = "UIInterfaceOrientationPortrait UIInterfaceOrientationLandscapeLeft UIInterfaceOrientationLandscapeRight";
				LD_RUNPATH_SEARCH_PATHS = (
					"$(inherited)",
					"@executable_path/Frameworks",
				);
				MARKETING_VERSION = 1.0;
				PRODUCT_BUNDLE_IDENTIFIER = vikramsingh.Tangent;
				PRODUCT_NAME = "$(TARGET_NAME)";
				SWIFT_EMIT_LOC_STRINGS = YES;
				SWIFT_VERSION = 5.0;
				TARGETED_DEVICE_FAMILY = "1,2";
			};
			name = Release;
		};
/* End XCBuildConfiguration section */

/* Begin XCConfigurationList section */
		B95964CF29CF90C4004F6A57 /* Build configuration list for PBXProject "Tangent" */ = {
			isa = XCConfigurationList;
			buildConfigurations = (
				B95964E629CF90C5004F6A57 /* Debug */,
				B95964E729CF90C5004F6A57 /* Release */,
			);
			defaultConfigurationIsVisible = 0;
			defaultConfigurationName = Release;
		};
		B95964E829CF90C5004F6A57 /* Build configuration list for PBXNativeTarget "Tangent" */ = {
			isa = XCConfigurationList;
			buildConfigurations = (
				B95964E929CF90C5004F6A57 /* Debug */,
				B95964EA29CF90C5004F6A57 /* Release */,
			);
			defaultConfigurationIsVisible = 0;
			defaultConfigurationName = Release;
		};
/* End XCConfigurationList section */
	};
	rootObject = B95964CC29CF90C4004F6A57 /* Project object */;
}
